Microsoft Visual Studio Solution File, Format Version 8.00
Project("{8BC9CEB8-8B4A-11D0-8D11-00A0C91BC942}") = "ProcessNetwork", "ProcessNetwork.vcproj", "{35E203B1-AE92-463C-A2B8-EE19F8568F9B}"
	ProjectSection(ProjectDependencies) = postProject
	EndProjectSection
EndProject
Global
	GlobalSection(SolutionConfiguration) = preSolution
		Debug = Debug
		Release = Release
	EndGlobalSection
	GlobalSection(ProjectConfiguration) = postSolution
		{35E203B1-AE92-463C-A2B8-EE19F8568F9B}.Debug.ActiveCfg = Debug|Win32
		{35E203B1-AE92-463C-A2B8-EE19F8568F9B}.Debug.Build.0 = Debug|Win32
		{35E203B1-AE92-463C-A2B8-EE19F8568F9B}.Release.ActiveCfg = Release|Win32
		{35E203B1-AE92-463C-A2B8-EE19F8568F9B}.Release.Build.0 = Release|Win32
	EndGlobalSection
	GlobalSection(ExtensibilityGlobals) = postSolution
	EndGlobalSection
	GlobalSection(ExtensibilityAddIns) = postSolution
	EndGlobalSection
EndGlobal
