Microsoft Visual Studio Solution File, Format Version 8.00
Project("{8BC9CEB8-8B4A-11D0-8D11-00A0C91BC942}") = "LicenseMng", "LicenseMng.vcproj", "{C0E65C63-90CF-4448-87EA-14B9F355B732}"
	ProjectSection(ProjectDependencies) = postProject
	EndProjectSection
EndProject
Global
	GlobalSection(SolutionConfiguration) = preSolution
		Debug = Debug
		Release = Release
	EndGlobalSection
	GlobalSection(ProjectConfiguration) = postSolution
		{C0E65C63-90CF-4448-87EA-14B9F355B732}.Debug.ActiveCfg = Debug|Win32
		{C0E65C63-90CF-4448-87EA-14B9F355B732}.Debug.Build.0 = Debug|Win32
		{C0E65C63-90CF-4448-87EA-14B9F355B732}.Release.ActiveCfg = Release|Win32
		{C0E65C63-90CF-4448-87EA-14B9F355B732}.Release.Build.0 = Release|Win32
	EndGlobalSection
	GlobalSection(ExtensibilityGlobals) = postSolution
	EndGlobalSection
	GlobalSection(ExtensibilityAddIns) = postSolution
	EndGlobalSection
EndGlobal
