Microsoft Visual Studio Solution File, Format Version 8.00
Project("{8BC9CEB8-8B4A-11D0-8D11-00A0C91BC942}") = "BuilderElements", "..\BuilderElements\BuilderElements.vcproj", "{F6C86309-D5DC-4C53-AB79-5CDA0026F4F0}"
	ProjectSection(ProjectDependencies) = postProject
		{36D904CD-3D69-48CF-9CB7-AA49C3F6CA84} = {36D904CD-3D69-48CF-9CB7-AA49C3F6CA84}
		{441E8BEC-78E6-433A-B741-103F22470E6E} = {441E8BEC-78E6-433A-B741-103F22470E6E}
		{2634D7F8-6E08-4F30-9EF4-DBB2F4C948B6} = {2634D7F8-6E08-4F30-9EF4-DBB2F4C948B6}
	EndProjectSection
EndProject
Project("{8BC9CEB8-8B4A-11D0-8D11-00A0C91BC942}") = "Common", "..\Common\Common.vcproj", "{2634D7F8-6E08-4F30-9EF4-DBB2F4C948B6}"
	ProjectSection(ProjectDependencies) = postProject
	EndProjectSection
EndProject
Project("{8BC9CEB8-8B4A-11D0-8D11-00A0C91BC942}") = "ControlsLib", "..\ControlsLib\ControlsLib.vcproj", "{441E8BEC-78E6-433A-B741-103F22470E6E}"
	ProjectSection(ProjectDependencies) = postProject
		{36D904CD-3D69-48CF-9CB7-AA49C3F6CA84} = {36D904CD-3D69-48CF-9CB7-AA49C3F6CA84}
		{2634D7F8-6E08-4F30-9EF4-DBB2F4C948B6} = {2634D7F8-6E08-4F30-9EF4-DBB2F4C948B6}
	EndProjectSection
EndProject
Project("{8BC9CEB8-8B4A-11D0-8D11-00A0C91BC942}") = "LuaLib", "..\LuaLib\LuaLib.vcproj", "{AF97DD2D-EF52-4D18-8D82-D22F19C452A0}"
	ProjectSection(ProjectDependencies) = postProject
	EndProjectSection
EndProject
Project("{8BC9CEB8-8B4A-11D0-8D11-00A0C91BC942}") = "ScriptsNet", "..\NetworkElements\ScriptsNet\ScriptsNet.vcproj", "{C5A3D9CB-5EC1-4214-BEC2-E5B378940CCC}"
	ProjectSection(ProjectDependencies) = postProject
		{F6C86309-D5DC-4C53-AB79-5CDA0026F4F0} = {F6C86309-D5DC-4C53-AB79-5CDA0026F4F0}
		{AF97DD2D-EF52-4D18-8D82-D22F19C452A0} = {AF97DD2D-EF52-4D18-8D82-D22F19C452A0}
		{2634D7F8-6E08-4F30-9EF4-DBB2F4C948B6} = {2634D7F8-6E08-4F30-9EF4-DBB2F4C948B6}
	EndProjectSection
EndProject
Project("{8BC9CEB8-8B4A-11D0-8D11-00A0C91BC942}") = "NetworkTrainers", "..\NetworkTrainers\NetworkTrainers.vcproj", "{58BD9C7B-89E9-4F4B-AEAA-45125B239AC5}"
	ProjectSection(ProjectDependencies) = postProject
	EndProjectSection
EndProject
Project("{8BC9CEB8-8B4A-11D0-8D11-00A0C91BC942}") = "NeuroLab", "..\NeuroLab\NeuroLab.vcproj", "{2AA5F6CA-7C95-480B-850A-A90E46182B4B}"
	ProjectSection(ProjectDependencies) = postProject
		{F6C86309-D5DC-4C53-AB79-5CDA0026F4F0} = {F6C86309-D5DC-4C53-AB79-5CDA0026F4F0}
		{AF97DD2D-EF52-4D18-8D82-D22F19C452A0} = {AF97DD2D-EF52-4D18-8D82-D22F19C452A0}
		{58BD9C7B-89E9-4F4B-AEAA-45125B239AC5} = {58BD9C7B-89E9-4F4B-AEAA-45125B239AC5}
		{CF9BDB9E-BDB8-4F28-A766-6A29CF197115} = {CF9BDB9E-BDB8-4F28-A766-6A29CF197115}
		{C5A3D9CB-5EC1-4214-BEC2-E5B378940CCC} = {C5A3D9CB-5EC1-4214-BEC2-E5B378940CCC}
		{36D904CD-3D69-48CF-9CB7-AA49C3F6CA84} = {36D904CD-3D69-48CF-9CB7-AA49C3F6CA84}
		{441E8BEC-78E6-433A-B741-103F22470E6E} = {441E8BEC-78E6-433A-B741-103F22470E6E}
		{2634D7F8-6E08-4F30-9EF4-DBB2F4C948B6} = {2634D7F8-6E08-4F30-9EF4-DBB2F4C948B6}
	EndProjectSection
EndProject
Project("{8BC9CEB8-8B4A-11D0-8D11-00A0C91BC942}") = "OutputLib", "..\OutputLib\OutputLib.vcproj", "{36D904CD-3D69-48CF-9CB7-AA49C3F6CA84}"
	ProjectSection(ProjectDependencies) = postProject
		{2634D7F8-6E08-4F30-9EF4-DBB2F4C948B6} = {2634D7F8-6E08-4F30-9EF4-DBB2F4C948B6}
	EndProjectSection
EndProject
Project("{8BC9CEB8-8B4A-11D0-8D11-00A0C91BC942}") = "HopfieldLearning", "..\Plugins\HopfieldLearning\HopfieldLearning.vcproj", "{5CEAFAB8-E969-4B2B-97A7-EAF96F701F3D}"
	ProjectSection(ProjectDependencies) = postProject
		{CF9BDB9E-BDB8-4F28-A766-6A29CF197115} = {CF9BDB9E-BDB8-4F28-A766-6A29CF197115}
		{2AA5F6CA-7C95-480B-850A-A90E46182B4B} = {2AA5F6CA-7C95-480B-850A-A90E46182B4B}
	EndProjectSection
EndProject
Project("{8BC9CEB8-8B4A-11D0-8D11-00A0C91BC942}") = "LayersExporter", "..\Plugins\LayersExporter\LayersExporter.vcproj", "{9032F576-47AA-4C2C-8D09-7381EE3D4304}"
	ProjectSection(ProjectDependencies) = postProject
		{CF9BDB9E-BDB8-4F28-A766-6A29CF197115} = {CF9BDB9E-BDB8-4F28-A766-6A29CF197115}
		{2AA5F6CA-7C95-480B-850A-A90E46182B4B} = {2AA5F6CA-7C95-480B-850A-A90E46182B4B}
	EndProjectSection
EndProject
Project("{8BC9CEB8-8B4A-11D0-8D11-00A0C91BC942}") = "ProcessNetwork", "..\Plugins\ProcessNetwork\ProcessNetwork.vcproj", "{35E203B1-AE92-463C-A2B8-EE19F8568F9B}"
	ProjectSection(ProjectDependencies) = postProject
		{CF9BDB9E-BDB8-4F28-A766-6A29CF197115} = {CF9BDB9E-BDB8-4F28-A766-6A29CF197115}
		{2AA5F6CA-7C95-480B-850A-A90E46182B4B} = {2AA5F6CA-7C95-480B-850A-A90E46182B4B}
	EndProjectSection
EndProject
Project("{8BC9CEB8-8B4A-11D0-8D11-00A0C91BC942}") = "ScriptEnv", "..\Plugins\ScriptEnv\ScriptEnv.vcproj", "{9B0ABA07-3BE2-465D-8DA1-D5009E44D3CB}"
	ProjectSection(ProjectDependencies) = postProject
		{AF97DD2D-EF52-4D18-8D82-D22F19C452A0} = {AF97DD2D-EF52-4D18-8D82-D22F19C452A0}
		{CF9BDB9E-BDB8-4F28-A766-6A29CF197115} = {CF9BDB9E-BDB8-4F28-A766-6A29CF197115}
		{2AA5F6CA-7C95-480B-850A-A90E46182B4B} = {2AA5F6CA-7C95-480B-850A-A90E46182B4B}
		{2634D7F8-6E08-4F30-9EF4-DBB2F4C948B6} = {2634D7F8-6E08-4F30-9EF4-DBB2F4C948B6}
	EndProjectSection
EndProject
Project("{8BC9CEB8-8B4A-11D0-8D11-00A0C91BC942}") = "StatVerifier", "..\Plugins\StatVerifier\StatVerifier.vcproj", "{E80FD458-DD9B-4489-BDCC-76BA3D084B60}"
	ProjectSection(ProjectDependencies) = postProject
		{BBB7323C-0A24-4FDB-929C-4764F0AEBED7} = {BBB7323C-0A24-4FDB-929C-4764F0AEBED7}
		{CF9BDB9E-BDB8-4F28-A766-6A29CF197115} = {CF9BDB9E-BDB8-4F28-A766-6A29CF197115}
		{2AA5F6CA-7C95-480B-850A-A90E46182B4B} = {2AA5F6CA-7C95-480B-850A-A90E46182B4B}
		{2634D7F8-6E08-4F30-9EF4-DBB2F4C948B6} = {2634D7F8-6E08-4F30-9EF4-DBB2F4C948B6}
	EndProjectSection
EndProject
Project("{8BC9CEB8-8B4A-11D0-8D11-00A0C91BC942}") = "PluginsMng", "..\PluginsMng\PluginsMng.vcproj", "{CF9BDB9E-BDB8-4F28-A766-6A29CF197115}"
	ProjectSection(ProjectDependencies) = postProject
		{36D904CD-3D69-48CF-9CB7-AA49C3F6CA84} = {36D904CD-3D69-48CF-9CB7-AA49C3F6CA84}
		{2634D7F8-6E08-4F30-9EF4-DBB2F4C948B6} = {2634D7F8-6E08-4F30-9EF4-DBB2F4C948B6}
	EndProjectSection
EndProject
Project("{8BC9CEB8-8B4A-11D0-8D11-00A0C91BC942}") = "DataCreator", "..\Tools\DataCreator\DataCreator.vcproj", "{BBB7323C-0A24-4FDB-929C-4764F0AEBED7}"
	ProjectSection(ProjectDependencies) = postProject
		{36D904CD-3D69-48CF-9CB7-AA49C3F6CA84} = {36D904CD-3D69-48CF-9CB7-AA49C3F6CA84}
		{441E8BEC-78E6-433A-B741-103F22470E6E} = {441E8BEC-78E6-433A-B741-103F22470E6E}
		{2634D7F8-6E08-4F30-9EF4-DBB2F4C948B6} = {2634D7F8-6E08-4F30-9EF4-DBB2F4C948B6}
	EndProjectSection
EndProject
Project("{8BC9CEB8-8B4A-11D0-8D11-00A0C91BC942}") = "LicenseMng", "..\Tools\LicenseMng\LicenseMng.vcproj", "{C0E65C63-90CF-4448-87EA-14B9F355B732}"
	ProjectSection(ProjectDependencies) = postProject
		{2AA5F6CA-7C95-480B-850A-A90E46182B4B} = {2AA5F6CA-7C95-480B-850A-A90E46182B4B}
	EndProjectSection
EndProject
Project("{8BC9CEB8-8B4A-11D0-8D11-00A0C91BC942}") = "NetworkExporter", "..\Tools\NetworkExporting\NetworkExporter\NetworkExporter.vcproj", "{DF43A371-8F31-4E0F-B796-7C08AB0CD22C}"
	ProjectSection(ProjectDependencies) = postProject
		{F6C86309-D5DC-4C53-AB79-5CDA0026F4F0} = {F6C86309-D5DC-4C53-AB79-5CDA0026F4F0}
		{4F46D46B-6498-434F-BE11-5E86E74E1440} = {4F46D46B-6498-434F-BE11-5E86E74E1440}
	EndProjectSection
EndProject
Project("{8BC9CEB8-8B4A-11D0-8D11-00A0C91BC942}") = "NetworkImport", "..\Tools\NetworkExporting\NetworkImport\NetworkImport.vcproj", "{4F46D46B-6498-434F-BE11-5E86E74E1440}"
	ProjectSection(ProjectDependencies) = postProject
	EndProjectSection
EndProject
Project("{8BC9CEB8-8B4A-11D0-8D11-00A0C91BC942}") = "BackPropagation", "..\Trainers\BackPropagation\BackPropagation.vcproj", "{3B680DB4-AB50-42FE-B0C9-699504F98C0C}"
	ProjectSection(ProjectDependencies) = postProject
		{58BD9C7B-89E9-4F4B-AEAA-45125B239AC5} = {58BD9C7B-89E9-4F4B-AEAA-45125B239AC5}
		{2AA5F6CA-7C95-480B-850A-A90E46182B4B} = {2AA5F6CA-7C95-480B-850A-A90E46182B4B}
	EndProjectSection
EndProject
Project("{8BC9CEB8-8B4A-11D0-8D11-00A0C91BC942}") = "KohonenTraining", "..\Trainers\KohonenTraining\KohonenTraining.vcproj", "{69C8C2F7-A77A-4F62-AA55-5EF4E28361DD}"
	ProjectSection(ProjectDependencies) = postProject
		{CF9BDB9E-BDB8-4F28-A766-6A29CF197115} = {CF9BDB9E-BDB8-4F28-A766-6A29CF197115}
		{2AA5F6CA-7C95-480B-850A-A90E46182B4B} = {2AA5F6CA-7C95-480B-850A-A90E46182B4B}
	EndProjectSection
EndProject
Project("{8BC9CEB8-8B4A-11D0-8D11-00A0C91BC942}") = "RBFTraining", "..\Trainers\RBFTraining\RBFTraining.vcproj", "{954DE45B-F3D7-490C-9733-FEC628304D70}"
	ProjectSection(ProjectDependencies) = postProject
		{58BD9C7B-89E9-4F4B-AEAA-45125B239AC5} = {58BD9C7B-89E9-4F4B-AEAA-45125B239AC5}
		{2AA5F6CA-7C95-480B-850A-A90E46182B4B} = {2AA5F6CA-7C95-480B-850A-A90E46182B4B}
	EndProjectSection
EndProject
Project("{8BC9CEB8-8B4A-11D0-8D11-00A0C91BC942}") = "EdgeDetectors", "..\NetworkElements\EdgeDetectors\EdgeDetectors.vcproj", "{41A82813-3827-4432-869C-EC3125BBBFEB}"
	ProjectSection(ProjectDependencies) = postProject
		{F6C86309-D5DC-4C53-AB79-5CDA0026F4F0} = {F6C86309-D5DC-4C53-AB79-5CDA0026F4F0}
		{2634D7F8-6E08-4F30-9EF4-DBB2F4C948B6} = {2634D7F8-6E08-4F30-9EF4-DBB2F4C948B6}
	EndProjectSection
EndProject
Project("{8BC9CEB8-8B4A-11D0-8D11-00A0C91BC942}") = "SignalProcessors", "..\NetworkElements\SignalProcessors\SignalProcessors.vcproj", "{F59F7C61-C62A-4CF5-9FC0-CAE7E8E95C7A}"
	ProjectSection(ProjectDependencies) = postProject
		{F6C86309-D5DC-4C53-AB79-5CDA0026F4F0} = {F6C86309-D5DC-4C53-AB79-5CDA0026F4F0}
		{2634D7F8-6E08-4F30-9EF4-DBB2F4C948B6} = {2634D7F8-6E08-4F30-9EF4-DBB2F4C948B6}
	EndProjectSection
EndProject
Project("{8BC9CEB8-8B4A-11D0-8D11-00A0C91BC942}") = "PCABlockset", "..\NetworkElements\PCABlockset\PCABlockset.vcproj", "{C1ECF5D8-0DA9-4C78-87B4-220E6FF99430}"
	ProjectSection(ProjectDependencies) = postProject
	EndProjectSection
EndProject
Project("{8BC9CEB8-8B4A-11D0-8D11-00A0C91BC942}") = "PCATrainer", "..\Trainers\PCATrainer\PCATrainer.vcproj", "{92746FF2-7584-48D1-B9E9-24F724890D65}"
	ProjectSection(ProjectDependencies) = postProject
	EndProjectSection
EndProject
Global
	GlobalSection(SolutionConfiguration) = preSolution
		Debug = Debug
		Release = Release
	EndGlobalSection
	GlobalSection(ProjectConfiguration) = postSolution
		{F6C86309-D5DC-4C53-AB79-5CDA0026F4F0}.Debug.ActiveCfg = Debug|Win32
		{F6C86309-D5DC-4C53-AB79-5CDA0026F4F0}.Debug.Build.0 = Debug|Win32
		{F6C86309-D5DC-4C53-AB79-5CDA0026F4F0}.Release.ActiveCfg = Release|Win32
		{F6C86309-D5DC-4C53-AB79-5CDA0026F4F0}.Release.Build.0 = Release|Win32
		{2634D7F8-6E08-4F30-9EF4-DBB2F4C948B6}.Debug.ActiveCfg = Debug|Win32
		{2634D7F8-6E08-4F30-9EF4-DBB2F4C948B6}.Debug.Build.0 = Debug|Win32
		{2634D7F8-6E08-4F30-9EF4-DBB2F4C948B6}.Release.ActiveCfg = Release|Win32
		{2634D7F8-6E08-4F30-9EF4-DBB2F4C948B6}.Release.Build.0 = Release|Win32
		{441E8BEC-78E6-433A-B741-103F22470E6E}.Debug.ActiveCfg = Debug|Win32
		{441E8BEC-78E6-433A-B741-103F22470E6E}.Debug.Build.0 = Debug|Win32
		{441E8BEC-78E6-433A-B741-103F22470E6E}.Release.ActiveCfg = Release|Win32
		{441E8BEC-78E6-433A-B741-103F22470E6E}.Release.Build.0 = Release|Win32
		{AF97DD2D-EF52-4D18-8D82-D22F19C452A0}.Debug.ActiveCfg = Debug|Win32
		{AF97DD2D-EF52-4D18-8D82-D22F19C452A0}.Debug.Build.0 = Debug|Win32
		{AF97DD2D-EF52-4D18-8D82-D22F19C452A0}.Release.ActiveCfg = Release|Win32
		{AF97DD2D-EF52-4D18-8D82-D22F19C452A0}.Release.Build.0 = Release|Win32
		{C5A3D9CB-5EC1-4214-BEC2-E5B378940CCC}.Debug.ActiveCfg = Debug|Win32
		{C5A3D9CB-5EC1-4214-BEC2-E5B378940CCC}.Debug.Build.0 = Debug|Win32
		{C5A3D9CB-5EC1-4214-BEC2-E5B378940CCC}.Release.ActiveCfg = Release|Win32
		{C5A3D9CB-5EC1-4214-BEC2-E5B378940CCC}.Release.Build.0 = Release|Win32
		{58BD9C7B-89E9-4F4B-AEAA-45125B239AC5}.Debug.ActiveCfg = Debug|Win32
		{58BD9C7B-89E9-4F4B-AEAA-45125B239AC5}.Debug.Build.0 = Debug|Win32
		{58BD9C7B-89E9-4F4B-AEAA-45125B239AC5}.Release.ActiveCfg = Release|Win32
		{58BD9C7B-89E9-4F4B-AEAA-45125B239AC5}.Release.Build.0 = Release|Win32
		{2AA5F6CA-7C95-480B-850A-A90E46182B4B}.Debug.ActiveCfg = Debug|Win32
		{2AA5F6CA-7C95-480B-850A-A90E46182B4B}.Debug.Build.0 = Debug|Win32
		{2AA5F6CA-7C95-480B-850A-A90E46182B4B}.Release.ActiveCfg = Release|Win32
		{2AA5F6CA-7C95-480B-850A-A90E46182B4B}.Release.Build.0 = Release|Win32
		{36D904CD-3D69-48CF-9CB7-AA49C3F6CA84}.Debug.ActiveCfg = Debug|Win32
		{36D904CD-3D69-48CF-9CB7-AA49C3F6CA84}.Debug.Build.0 = Debug|Win32
		{36D904CD-3D69-48CF-9CB7-AA49C3F6CA84}.Release.ActiveCfg = Release|Win32
		{36D904CD-3D69-48CF-9CB7-AA49C3F6CA84}.Release.Build.0 = Release|Win32
		{5CEAFAB8-E969-4B2B-97A7-EAF96F701F3D}.Debug.ActiveCfg = Debug|Win32
		{5CEAFAB8-E969-4B2B-97A7-EAF96F701F3D}.Debug.Build.0 = Debug|Win32
		{5CEAFAB8-E969-4B2B-97A7-EAF96F701F3D}.Release.ActiveCfg = Release|Win32
		{5CEAFAB8-E969-4B2B-97A7-EAF96F701F3D}.Release.Build.0 = Release|Win32
		{9032F576-47AA-4C2C-8D09-7381EE3D4304}.Debug.ActiveCfg = Debug|Win32
		{9032F576-47AA-4C2C-8D09-7381EE3D4304}.Debug.Build.0 = Debug|Win32
		{9032F576-47AA-4C2C-8D09-7381EE3D4304}.Release.ActiveCfg = Release|Win32
		{9032F576-47AA-4C2C-8D09-7381EE3D4304}.Release.Build.0 = Release|Win32
		{35E203B1-AE92-463C-A2B8-EE19F8568F9B}.Debug.ActiveCfg = Debug|Win32
		{35E203B1-AE92-463C-A2B8-EE19F8568F9B}.Debug.Build.0 = Debug|Win32
		{35E203B1-AE92-463C-A2B8-EE19F8568F9B}.Release.ActiveCfg = Release|Win32
		{35E203B1-AE92-463C-A2B8-EE19F8568F9B}.Release.Build.0 = Release|Win32
		{9B0ABA07-3BE2-465D-8DA1-D5009E44D3CB}.Debug.ActiveCfg = Debug|Win32
		{9B0ABA07-3BE2-465D-8DA1-D5009E44D3CB}.Debug.Build.0 = Debug|Win32
		{9B0ABA07-3BE2-465D-8DA1-D5009E44D3CB}.Release.ActiveCfg = Release|Win32
		{9B0ABA07-3BE2-465D-8DA1-D5009E44D3CB}.Release.Build.0 = Release|Win32
		{E80FD458-DD9B-4489-BDCC-76BA3D084B60}.Debug.ActiveCfg = Debug|Win32
		{E80FD458-DD9B-4489-BDCC-76BA3D084B60}.Debug.Build.0 = Debug|Win32
		{E80FD458-DD9B-4489-BDCC-76BA3D084B60}.Release.ActiveCfg = Release|Win32
		{E80FD458-DD9B-4489-BDCC-76BA3D084B60}.Release.Build.0 = Release|Win32
		{CF9BDB9E-BDB8-4F28-A766-6A29CF197115}.Debug.ActiveCfg = Debug|Win32
		{CF9BDB9E-BDB8-4F28-A766-6A29CF197115}.Debug.Build.0 = Debug|Win32
		{CF9BDB9E-BDB8-4F28-A766-6A29CF197115}.Release.ActiveCfg = Release|Win32
		{CF9BDB9E-BDB8-4F28-A766-6A29CF197115}.Release.Build.0 = Release|Win32
		{BBB7323C-0A24-4FDB-929C-4764F0AEBED7}.Debug.ActiveCfg = Debug|Win32
		{BBB7323C-0A24-4FDB-929C-4764F0AEBED7}.Debug.Build.0 = Debug|Win32
		{BBB7323C-0A24-4FDB-929C-4764F0AEBED7}.Release.ActiveCfg = Release|Win32
		{BBB7323C-0A24-4FDB-929C-4764F0AEBED7}.Release.Build.0 = Release|Win32
		{C0E65C63-90CF-4448-87EA-14B9F355B732}.Debug.ActiveCfg = Debug|Win32
		{C0E65C63-90CF-4448-87EA-14B9F355B732}.Debug.Build.0 = Debug|Win32
		{C0E65C63-90CF-4448-87EA-14B9F355B732}.Release.ActiveCfg = Release|Win32
		{C0E65C63-90CF-4448-87EA-14B9F355B732}.Release.Build.0 = Release|Win32
		{DF43A371-8F31-4E0F-B796-7C08AB0CD22C}.Debug.ActiveCfg = Debug|Win32
		{DF43A371-8F31-4E0F-B796-7C08AB0CD22C}.Debug.Build.0 = Debug|Win32
		{DF43A371-8F31-4E0F-B796-7C08AB0CD22C}.Release.ActiveCfg = Release|Win32
		{DF43A371-8F31-4E0F-B796-7C08AB0CD22C}.Release.Build.0 = Release|Win32
		{4F46D46B-6498-434F-BE11-5E86E74E1440}.Debug.ActiveCfg = Debug|Win32
		{4F46D46B-6498-434F-BE11-5E86E74E1440}.Debug.Build.0 = Debug|Win32
		{4F46D46B-6498-434F-BE11-5E86E74E1440}.Release.ActiveCfg = Release|Win32
		{4F46D46B-6498-434F-BE11-5E86E74E1440}.Release.Build.0 = Release|Win32
		{3B680DB4-AB50-42FE-B0C9-699504F98C0C}.Debug.ActiveCfg = Debug|Win32
		{3B680DB4-AB50-42FE-B0C9-699504F98C0C}.Debug.Build.0 = Debug|Win32
		{3B680DB4-AB50-42FE-B0C9-699504F98C0C}.Release.ActiveCfg = Release|Win32
		{3B680DB4-AB50-42FE-B0C9-699504F98C0C}.Release.Build.0 = Release|Win32
		{69C8C2F7-A77A-4F62-AA55-5EF4E28361DD}.Debug.ActiveCfg = Debug|Win32
		{69C8C2F7-A77A-4F62-AA55-5EF4E28361DD}.Debug.Build.0 = Debug|Win32
		{69C8C2F7-A77A-4F62-AA55-5EF4E28361DD}.Release.ActiveCfg = Release|Win32
		{69C8C2F7-A77A-4F62-AA55-5EF4E28361DD}.Release.Build.0 = Release|Win32
		{954DE45B-F3D7-490C-9733-FEC628304D70}.Debug.ActiveCfg = Debug|Win32
		{954DE45B-F3D7-490C-9733-FEC628304D70}.Debug.Build.0 = Debug|Win32
		{954DE45B-F3D7-490C-9733-FEC628304D70}.Release.ActiveCfg = Release|Win32
		{954DE45B-F3D7-490C-9733-FEC628304D70}.Release.Build.0 = Release|Win32
		{41A82813-3827-4432-869C-EC3125BBBFEB}.Debug.ActiveCfg = Debug|Win32
		{41A82813-3827-4432-869C-EC3125BBBFEB}.Debug.Build.0 = Debug|Win32
		{41A82813-3827-4432-869C-EC3125BBBFEB}.Release.ActiveCfg = Release|Win32
		{41A82813-3827-4432-869C-EC3125BBBFEB}.Release.Build.0 = Release|Win32
		{F59F7C61-C62A-4CF5-9FC0-CAE7E8E95C7A}.Debug.ActiveCfg = Debug|Win32
		{F59F7C61-C62A-4CF5-9FC0-CAE7E8E95C7A}.Debug.Build.0 = Debug|Win32
		{F59F7C61-C62A-4CF5-9FC0-CAE7E8E95C7A}.Release.ActiveCfg = Release|Win32
		{F59F7C61-C62A-4CF5-9FC0-CAE7E8E95C7A}.Release.Build.0 = Release|Win32
		{C1ECF5D8-0DA9-4C78-87B4-220E6FF99430}.Debug.ActiveCfg = Debug|Win32
		{C1ECF5D8-0DA9-4C78-87B4-220E6FF99430}.Debug.Build.0 = Debug|Win32
		{C1ECF5D8-0DA9-4C78-87B4-220E6FF99430}.Release.ActiveCfg = Release|Win32
		{C1ECF5D8-0DA9-4C78-87B4-220E6FF99430}.Release.Build.0 = Release|Win32
		{92746FF2-7584-48D1-B9E9-24F724890D65}.Debug.ActiveCfg = Debug|Win32
		{92746FF2-7584-48D1-B9E9-24F724890D65}.Debug.Build.0 = Debug|Win32
		{92746FF2-7584-48D1-B9E9-24F724890D65}.Release.ActiveCfg = Release|Win32
		{92746FF2-7584-48D1-B9E9-24F724890D65}.Release.Build.0 = Release|Win32
	EndGlobalSection
	GlobalSection(ExtensibilityGlobals) = postSolution
	EndGlobalSection
	GlobalSection(ExtensibilityAddIns) = postSolution
	EndGlobalSection
EndGlobal
